
Microsoft Visual Studio Solution File, Format Version 12.00
# Visual Studio 15
VisualStudioVersion = 15.0.28307.421
MinimumVisualStudioVersion = 10.0.40219.1
Project("{FAE04EC0-301F-11D3-BF4B-00C04F79EFBC}") = "IAADL_Service", "IAADL_Service\IAADL_Service.csproj", "{447FE67B-171D-4FDA-8698-FD94EC63E959}"
EndProject
Project("{9A19103F-16F7-4668-BE54-9A1E7A4F7556}") = "IAADL_Core", "IAADL_Core\IAADL_Core.csproj", "{4F7C2355-AB0F-4CEF-93E7-76CB388E354E}"
EndProject
Project("{2150E333-8FDC-42A3-9474-1A3956D46DE8}") = "Dependencies", "Dependencies", "{9C16DEED-6FF7-4B22-BC84-9DC0AC9C429A}"
EndProject
Project("{9A19103F-16F7-4668-BE54-9A1E7A4F7556}") = "Opc.Ua.Core", "UA-.NETStandard\Stack\Opc.Ua.Core\Opc.Ua.Core.csproj", "{CDA247BC-3031-4383-9DFD-E91B6D38AAA1}"
EndProject
Project("{9A19103F-16F7-4668-BE54-9A1E7A4F7556}") = "Opc.Ua.Client", "UA-.NETStandard\SampleApplications\SDK\Opc.Ua.Client\Opc.Ua.Client.csproj", "{A0AED9F7-1A39-440B-BA72-4F44C1876871}"
EndProject
Project("{9A19103F-16F7-4668-BE54-9A1E7A4F7556}") = "Opc.Ua.Configuration", "UA-.NETStandard\SampleApplications\SDK\Opc.Ua.Configuration\Opc.Ua.Configuration.csproj", "{821DE9ED-E6A7-4610-AAAC-C73A779C73BC}"
EndProject
Project("{9A19103F-16F7-4668-BE54-9A1E7A4F7556}") = "Opc.Ua.Server", "UA-.NETStandard\SampleApplications\SDK\Opc.Ua.Server\Opc.Ua.Server.csproj", "{4DADA1C6-F974-4635-9FEF-3AF9A1BD2A47}"
EndProject
Project("{FAE04EC0-301F-11D3-BF4B-00C04F79EFBC}") = "IAADL_App", "IAADL_App\IAADL_App.csproj", "{E6DADE6D-0E4B-4B2F-A246-FCE02CDD3EDA}"
EndProject
Project("{FAE04EC0-301F-11D3-BF4B-00C04F79EFBC}") = "UA Client Controls", "UA-.NETStandard\SampleApplications\Samples\ClientControls.Net4\UA Client Controls.csproj", "{A247D2EE-14FC-463D-A9BA-6CFF1EF22B7A}"
EndProject
Project("{FAE04EC0-301F-11D3-BF4B-00C04F79EFBC}") = "Quickstart Library", "UA-.NETStandard\SampleApplications\Workshop\Common\Quickstart Library.csproj", "{D8D0F7BC-BD73-4BE4-98E1-7ABDECAE4C50}"
EndProject
Project("{FAE04EC0-301F-11D3-BF4B-00C04F79EFBC}") = "UA Server Controls", "UA-.NETStandard\SampleApplications\Samples\ServerControls.Net4\UA Server Controls.csproj", "{80056988-44E7-4EF4-9F59-50BCF215CB03}"
EndProject
Project("{930C7802-8A8C-48F9-8165-68863BCCD9DD}") = "IAADL_Installer", "IAADL_Installer\IAADL_Installer.wixproj", "{5461B76E-68BA-41B0-95B5-184333834077}"
EndProject
Global
	GlobalSection(SolutionConfigurationPlatforms) = preSolution
		Debug|Any CPU = Debug|Any CPU
		Debug|ARM = Debug|ARM
		Debug|x64 = Debug|x64
		Debug|x86 = Debug|x86
		Release|Any CPU = Release|Any CPU
		Release|ARM = Release|ARM
		Release|x64 = Release|x64
		Release|x86 = Release|x86
	EndGlobalSection
	GlobalSection(ProjectConfigurationPlatforms) = postSolution
		{447FE67B-171D-4FDA-8698-FD94EC63E959}.Debug|Any CPU.ActiveCfg = Debug|Any CPU
		{447FE67B-171D-4FDA-8698-FD94EC63E959}.Debug|Any CPU.Build.0 = Debug|Any CPU
		{447FE67B-171D-4FDA-8698-FD94EC63E959}.Debug|ARM.ActiveCfg = Debug|Any CPU
		{447FE67B-171D-4FDA-8698-FD94EC63E959}.Debug|ARM.Build.0 = Debug|Any CPU
		{447FE67B-171D-4FDA-8698-FD94EC63E959}.Debug|x64.ActiveCfg = Debug|Any CPU
		{447FE67B-171D-4FDA-8698-FD94EC63E959}.Debug|x64.Build.0 = Debug|Any CPU
		{447FE67B-171D-4FDA-8698-FD94EC63E959}.Debug|x86.ActiveCfg = Debug|Any CPU
		{447FE67B-171D-4FDA-8698-FD94EC63E959}.Debug|x86.Build.0 = Debug|Any CPU
		{447FE67B-171D-4FDA-8698-FD94EC63E959}.Release|Any CPU.ActiveCfg = Release|Any CPU
		{447FE67B-171D-4FDA-8698-FD94EC63E959}.Release|Any CPU.Build.0 = Release|Any CPU
		{447FE67B-171D-4FDA-8698-FD94EC63E959}.Release|ARM.ActiveCfg = Release|Any CPU
		{447FE67B-171D-4FDA-8698-FD94EC63E959}.Release|ARM.Build.0 = Release|Any CPU
		{447FE67B-171D-4FDA-8698-FD94EC63E959}.Release|x64.ActiveCfg = Release|Any CPU
		{447FE67B-171D-4FDA-8698-FD94EC63E959}.Release|x64.Build.0 = Release|Any CPU
		{447FE67B-171D-4FDA-8698-FD94EC63E959}.Release|x86.ActiveCfg = Release|Any CPU
		{447FE67B-171D-4FDA-8698-FD94EC63E959}.Release|x86.Build.0 = Release|Any CPU
		{4F7C2355-AB0F-4CEF-93E7-76CB388E354E}.Debug|Any CPU.ActiveCfg = Debug|Any CPU
		{4F7C2355-AB0F-4CEF-93E7-76CB388E354E}.Debug|Any CPU.Build.0 = Debug|Any CPU
		{4F7C2355-AB0F-4CEF-93E7-76CB388E354E}.Debug|ARM.ActiveCfg = Debug|Any CPU
		{4F7C2355-AB0F-4CEF-93E7-76CB388E354E}.Debug|ARM.Build.0 = Debug|Any CPU
		{4F7C2355-AB0F-4CEF-93E7-76CB388E354E}.Debug|x64.ActiveCfg = Debug|Any CPU
		{4F7C2355-AB0F-4CEF-93E7-76CB388E354E}.Debug|x64.Build.0 = Debug|Any CPU
		{4F7C2355-AB0F-4CEF-93E7-76CB388E354E}.Debug|x86.ActiveCfg = Debug|Any CPU
		{4F7C2355-AB0F-4CEF-93E7-76CB388E354E}.Debug|x86.Build.0 = Debug|Any CPU
		{4F7C2355-AB0F-4CEF-93E7-76CB388E354E}.Release|Any CPU.ActiveCfg = Release|Any CPU
		{4F7C2355-AB0F-4CEF-93E7-76CB388E354E}.Release|Any CPU.Build.0 = Release|Any CPU
		{4F7C2355-AB0F-4CEF-93E7-76CB388E354E}.Release|ARM.ActiveCfg = Release|Any CPU
		{4F7C2355-AB0F-4CEF-93E7-76CB388E354E}.Release|ARM.Build.0 = Release|Any CPU
		{4F7C2355-AB0F-4CEF-93E7-76CB388E354E}.Release|x64.ActiveCfg = Release|Any CPU
		{4F7C2355-AB0F-4CEF-93E7-76CB388E354E}.Release|x64.Build.0 = Release|Any CPU
		{4F7C2355-AB0F-4CEF-93E7-76CB388E354E}.Release|x86.ActiveCfg = Release|Any CPU
		{4F7C2355-AB0F-4CEF-93E7-76CB388E354E}.Release|x86.Build.0 = Release|Any CPU
		{CDA247BC-3031-4383-9DFD-E91B6D38AAA1}.Debug|Any CPU.ActiveCfg = Debug|Any CPU
		{CDA247BC-3031-4383-9DFD-E91B6D38AAA1}.Debug|Any CPU.Build.0 = Debug|Any CPU
		{CDA247BC-3031-4383-9DFD-E91B6D38AAA1}.Debug|ARM.ActiveCfg = Debug|Any CPU
		{CDA247BC-3031-4383-9DFD-E91B6D38AAA1}.Debug|ARM.Build.0 = Debug|Any CPU
		{CDA247BC-3031-4383-9DFD-E91B6D38AAA1}.Debug|x64.ActiveCfg = Debug|Any CPU
		{CDA247BC-3031-4383-9DFD-E91B6D38AAA1}.Debug|x64.Build.0 = Debug|Any CPU
		{CDA247BC-3031-4383-9DFD-E91B6D38AAA1}.Debug|x86.ActiveCfg = Debug|Any CPU
		{CDA247BC-3031-4383-9DFD-E91B6D38AAA1}.Debug|x86.Build.0 = Debug|Any CPU
		{CDA247BC-3031-4383-9DFD-E91B6D38AAA1}.Release|Any CPU.ActiveCfg = Release|Any CPU
		{CDA247BC-3031-4383-9DFD-E91B6D38AAA1}.Release|Any CPU.Build.0 = Release|Any CPU
		{CDA247BC-3031-4383-9DFD-E91B6D38AAA1}.Release|ARM.ActiveCfg = Release|Any CPU
		{CDA247BC-3031-4383-9DFD-E91B6D38AAA1}.Release|ARM.Build.0 = Release|Any CPU
		{CDA247BC-3031-4383-9DFD-E91B6D38AAA1}.Release|x64.ActiveCfg = Release|Any CPU
		{CDA247BC-3031-4383-9DFD-E91B6D38AAA1}.Release|x64.Build.0 = Release|Any CPU
		{CDA247BC-3031-4383-9DFD-E91B6D38AAA1}.Release|x86.ActiveCfg = Release|Any CPU
		{CDA247BC-3031-4383-9DFD-E91B6D38AAA1}.Release|x86.Build.0 = Release|Any CPU
		{A0AED9F7-1A39-440B-BA72-4F44C1876871}.Debug|Any CPU.ActiveCfg = Debug|Any CPU
		{A0AED9F7-1A39-440B-BA72-4F44C1876871}.Debug|Any CPU.Build.0 = Debug|Any CPU
		{A0AED9F7-1A39-440B-BA72-4F44C1876871}.Debug|ARM.ActiveCfg = Debug|Any CPU
		{A0AED9F7-1A39-440B-BA72-4F44C1876871}.Debug|ARM.Build.0 = Debug|Any CPU
		{A0AED9F7-1A39-440B-BA72-4F44C1876871}.Debug|x64.ActiveCfg = Debug|Any CPU
		{A0AED9F7-1A39-440B-BA72-4F44C1876871}.Debug|x64.Build.0 = Debug|Any CPU
		{A0AED9F7-1A39-440B-BA72-4F44C1876871}.Debug|x86.ActiveCfg = Debug|Any CPU
		{A0AED9F7-1A39-440B-BA72-4F44C1876871}.Debug|x86.Build.0 = Debug|Any CPU
		{A0AED9F7-1A39-440B-BA72-4F44C1876871}.Release|Any CPU.ActiveCfg = Release|Any CPU
		{A0AED9F7-1A39-440B-BA72-4F44C1876871}.Release|Any CPU.Build.0 = Release|Any CPU
		{A0AED9F7-1A39-440B-BA72-4F44C1876871}.Release|ARM.ActiveCfg = Release|Any CPU
		{A0AED9F7-1A39-440B-BA72-4F44C1876871}.Release|ARM.Build.0 = Release|Any CPU
		{A0AED9F7-1A39-440B-BA72-4F44C1876871}.Release|x64.ActiveCfg = Release|Any CPU
		{A0AED9F7-1A39-440B-BA72-4F44C1876871}.Release|x64.Build.0 = Release|Any CPU
		{A0AED9F7-1A39-440B-BA72-4F44C1876871}.Release|x86.ActiveCfg = Release|Any CPU
		{A0AED9F7-1A39-440B-BA72-4F44C1876871}.Release|x86.Build.0 = Release|Any CPU
		{821DE9ED-E6A7-4610-AAAC-C73A779C73BC}.Debug|Any CPU.ActiveCfg = Debug|Any CPU
		{821DE9ED-E6A7-4610-AAAC-C73A779C73BC}.Debug|Any CPU.Build.0 = Debug|Any CPU
		{821DE9ED-E6A7-4610-AAAC-C73A779C73BC}.Debug|ARM.ActiveCfg = Debug|Any CPU
		{821DE9ED-E6A7-4610-AAAC-C73A779C73BC}.Debug|ARM.Build.0 = Debug|Any CPU
		{821DE9ED-E6A7-4610-AAAC-C73A779C73BC}.Debug|x64.ActiveCfg = Debug|Any CPU
		{821DE9ED-E6A7-4610-AAAC-C73A779C73BC}.Debug|x64.Build.0 = Debug|Any CPU
		{821DE9ED-E6A7-4610-AAAC-C73A779C73BC}.Debug|x86.ActiveCfg = Debug|Any CPU
		{821DE9ED-E6A7-4610-AAAC-C73A779C73BC}.Debug|x86.Build.0 = Debug|Any CPU
		{821DE9ED-E6A7-4610-AAAC-C73A779C73BC}.Release|Any CPU.ActiveCfg = Release|Any CPU
		{821DE9ED-E6A7-4610-AAAC-C73A779C73BC}.Release|Any CPU.Build.0 = Release|Any CPU
		{821DE9ED-E6A7-4610-AAAC-C73A779C73BC}.Release|ARM.ActiveCfg = Release|Any CPU
		{821DE9ED-E6A7-4610-AAAC-C73A779C73BC}.Release|ARM.Build.0 = Release|Any CPU
		{821DE9ED-E6A7-4610-AAAC-C73A779C73BC}.Release|x64.ActiveCfg = Release|Any CPU
		{821DE9ED-E6A7-4610-AAAC-C73A779C73BC}.Release|x64.Build.0 = Release|Any CPU
		{821DE9ED-E6A7-4610-AAAC-C73A779C73BC}.Release|x86.ActiveCfg = Release|Any CPU
		{821DE9ED-E6A7-4610-AAAC-C73A779C73BC}.Release|x86.Build.0 = Release|Any CPU
		{4DADA1C6-F974-4635-9FEF-3AF9A1BD2A47}.Debug|Any CPU.ActiveCfg = Debug|Any CPU
		{4DADA1C6-F974-4635-9FEF-3AF9A1BD2A47}.Debug|Any CPU.Build.0 = Debug|Any CPU
		{4DADA1C6-F974-4635-9FEF-3AF9A1BD2A47}.Debug|ARM.ActiveCfg = Debug|Any CPU
		{4DADA1C6-F974-4635-9FEF-3AF9A1BD2A47}.Debug|ARM.Build.0 = Debug|Any CPU
		{4DADA1C6-F974-4635-9FEF-3AF9A1BD2A47}.Debug|x64.ActiveCfg = Debug|Any CPU
		{4DADA1C6-F974-4635-9FEF-3AF9A1BD2A47}.Debug|x64.Build.0 = Debug|Any CPU
		{4DADA1C6-F974-4635-9FEF-3AF9A1BD2A47}.Debug|x86.ActiveCfg = Debug|Any CPU
		{4DADA1C6-F974-4635-9FEF-3AF9A1BD2A47}.Debug|x86.Build.0 = Debug|Any CPU
		{4DADA1C6-F974-4635-9FEF-3AF9A1BD2A47}.Release|Any CPU.ActiveCfg = Release|Any CPU
		{4DADA1C6-F974-4635-9FEF-3AF9A1BD2A47}.Release|Any CPU.Build.0 = Release|Any CPU
		{4DADA1C6-F974-4635-9FEF-3AF9A1BD2A47}.Release|ARM.ActiveCfg = Release|Any CPU
		{4DADA1C6-F974-4635-9FEF-3AF9A1BD2A47}.Release|ARM.Build.0 = Release|Any CPU
		{4DADA1C6-F974-4635-9FEF-3AF9A1BD2A47}.Release|x64.ActiveCfg = Release|Any CPU
		{4DADA1C6-F974-4635-9FEF-3AF9A1BD2A47}.Release|x64.Build.0 = Release|Any CPU
		{4DADA1C6-F974-4635-9FEF-3AF9A1BD2A47}.Release|x86.ActiveCfg = Release|Any CPU
		{4DADA1C6-F974-4635-9FEF-3AF9A1BD2A47}.Release|x86.Build.0 = Release|Any CPU
		{E6DADE6D-0E4B-4B2F-A246-FCE02CDD3EDA}.Debug|Any CPU.ActiveCfg = Debug|Any CPU
		{E6DADE6D-0E4B-4B2F-A246-FCE02CDD3EDA}.Debug|Any CPU.Build.0 = Debug|Any CPU
		{E6DADE6D-0E4B-4B2F-A246-FCE02CDD3EDA}.Debug|ARM.ActiveCfg = Debug|Any CPU
		{E6DADE6D-0E4B-4B2F-A246-FCE02CDD3EDA}.Debug|ARM.Build.0 = Debug|Any CPU
		{E6DADE6D-0E4B-4B2F-A246-FCE02CDD3EDA}.Debug|x64.ActiveCfg = Debug|Any CPU
		{E6DADE6D-0E4B-4B2F-A246-FCE02CDD3EDA}.Debug|x64.Build.0 = Debug|Any CPU
		{E6DADE6D-0E4B-4B2F-A246-FCE02CDD3EDA}.Debug|x86.ActiveCfg = Debug|Any CPU
		{E6DADE6D-0E4B-4B2F-A246-FCE02CDD3EDA}.Debug|x86.Build.0 = Debug|Any CPU
		{E6DADE6D-0E4B-4B2F-A246-FCE02CDD3EDA}.Release|Any CPU.ActiveCfg = Release|Any CPU
		{E6DADE6D-0E4B-4B2F-A246-FCE02CDD3EDA}.Release|Any CPU.Build.0 = Release|Any CPU
		{E6DADE6D-0E4B-4B2F-A246-FCE02CDD3EDA}.Release|ARM.ActiveCfg = Release|Any CPU
		{E6DADE6D-0E4B-4B2F-A246-FCE02CDD3EDA}.Release|ARM.Build.0 = Release|Any CPU
		{E6DADE6D-0E4B-4B2F-A246-FCE02CDD3EDA}.Release|x64.ActiveCfg = Release|Any CPU
		{E6DADE6D-0E4B-4B2F-A246-FCE02CDD3EDA}.Release|x64.Build.0 = Release|Any CPU
		{E6DADE6D-0E4B-4B2F-A246-FCE02CDD3EDA}.Release|x86.ActiveCfg = Release|Any CPU
		{E6DADE6D-0E4B-4B2F-A246-FCE02CDD3EDA}.Release|x86.Build.0 = Release|Any CPU
		{A247D2EE-14FC-463D-A9BA-6CFF1EF22B7A}.Debug|Any CPU.ActiveCfg = Debug|Any CPU
		{A247D2EE-14FC-463D-A9BA-6CFF1EF22B7A}.Debug|Any CPU.Build.0 = Debug|Any CPU
		{A247D2EE-14FC-463D-A9BA-6CFF1EF22B7A}.Debug|ARM.ActiveCfg = Debug|Any CPU
		{A247D2EE-14FC-463D-A9BA-6CFF1EF22B7A}.Debug|ARM.Build.0 = Debug|Any CPU
		{A247D2EE-14FC-463D-A9BA-6CFF1EF22B7A}.Debug|x64.ActiveCfg = Debug|Any CPU
		{A247D2EE-14FC-463D-A9BA-6CFF1EF22B7A}.Debug|x64.Build.0 = Debug|Any CPU
		{A247D2EE-14FC-463D-A9BA-6CFF1EF22B7A}.Debug|x86.ActiveCfg = Debug|Any CPU
		{A247D2EE-14FC-463D-A9BA-6CFF1EF22B7A}.Debug|x86.Build.0 = Debug|Any CPU
		{A247D2EE-14FC-463D-A9BA-6CFF1EF22B7A}.Release|Any CPU.ActiveCfg = Release|Any CPU
		{A247D2EE-14FC-463D-A9BA-6CFF1EF22B7A}.Release|Any CPU.Build.0 = Release|Any CPU
		{A247D2EE-14FC-463D-A9BA-6CFF1EF22B7A}.Release|ARM.ActiveCfg = Release|Any CPU
		{A247D2EE-14FC-463D-A9BA-6CFF1EF22B7A}.Release|ARM.Build.0 = Release|Any CPU
		{A247D2EE-14FC-463D-A9BA-6CFF1EF22B7A}.Release|x64.ActiveCfg = Release|Any CPU
		{A247D2EE-14FC-463D-A9BA-6CFF1EF22B7A}.Release|x64.Build.0 = Release|Any CPU
		{A247D2EE-14FC-463D-A9BA-6CFF1EF22B7A}.Release|x86.ActiveCfg = Release|Any CPU
		{A247D2EE-14FC-463D-A9BA-6CFF1EF22B7A}.Release|x86.Build.0 = Release|Any CPU
		{D8D0F7BC-BD73-4BE4-98E1-7ABDECAE4C50}.Debug|Any CPU.ActiveCfg = Debug|Any CPU
		{D8D0F7BC-BD73-4BE4-98E1-7ABDECAE4C50}.Debug|Any CPU.Build.0 = Debug|Any CPU
		{D8D0F7BC-BD73-4BE4-98E1-7ABDECAE4C50}.Debug|ARM.ActiveCfg = Debug|Any CPU
		{D8D0F7BC-BD73-4BE4-98E1-7ABDECAE4C50}.Debug|ARM.Build.0 = Debug|Any CPU
		{D8D0F7BC-BD73-4BE4-98E1-7ABDECAE4C50}.Debug|x64.ActiveCfg = Debug|Any CPU
		{D8D0F7BC-BD73-4BE4-98E1-7ABDECAE4C50}.Debug|x64.Build.0 = Debug|Any CPU
		{D8D0F7BC-BD73-4BE4-98E1-7ABDECAE4C50}.Debug|x86.ActiveCfg = Debug|Any CPU
		{D8D0F7BC-BD73-4BE4-98E1-7ABDECAE4C50}.Debug|x86.Build.0 = Debug|Any CPU
		{D8D0F7BC-BD73-4BE4-98E1-7ABDECAE4C50}.Release|Any CPU.ActiveCfg = Release|Any CPU
		{D8D0F7BC-BD73-4BE4-98E1-7ABDECAE4C50}.Release|Any CPU.Build.0 = Release|Any CPU
		{D8D0F7BC-BD73-4BE4-98E1-7ABDECAE4C50}.Release|ARM.ActiveCfg = Release|Any CPU
		{D8D0F7BC-BD73-4BE4-98E1-7ABDECAE4C50}.Release|ARM.Build.0 = Release|Any CPU
		{D8D0F7BC-BD73-4BE4-98E1-7ABDECAE4C50}.Release|x64.ActiveCfg = Release|Any CPU
		{D8D0F7BC-BD73-4BE4-98E1-7ABDECAE4C50}.Release|x64.Build.0 = Release|Any CPU
		{D8D0F7BC-BD73-4BE4-98E1-7ABDECAE4C50}.Release|x86.ActiveCfg = Release|Any CPU
		{D8D0F7BC-BD73-4BE4-98E1-7ABDECAE4C50}.Release|x86.Build.0 = Release|Any CPU
		{80056988-44E7-4EF4-9F59-50BCF215CB03}.Debug|Any CPU.ActiveCfg = Debug|Any CPU
		{80056988-44E7-4EF4-9F59-50BCF215CB03}.Debug|Any CPU.Build.0 = Debug|Any CPU
		{80056988-44E7-4EF4-9F59-50BCF215CB03}.Debug|ARM.ActiveCfg = Debug|Any CPU
		{80056988-44E7-4EF4-9F59-50BCF215CB03}.Debug|ARM.Build.0 = Debug|Any CPU
		{80056988-44E7-4EF4-9F59-50BCF215CB03}.Debug|x64.ActiveCfg = Debug|Any CPU
		{80056988-44E7-4EF4-9F59-50BCF215CB03}.Debug|x64.Build.0 = Debug|Any CPU
		{80056988-44E7-4EF4-9F59-50BCF215CB03}.Debug|x86.ActiveCfg = Debug|Any CPU
		{80056988-44E7-4EF4-9F59-50BCF215CB03}.Debug|x86.Build.0 = Debug|Any CPU
		{80056988-44E7-4EF4-9F59-50BCF215CB03}.Release|Any CPU.ActiveCfg = Release|Any CPU
		{80056988-44E7-4EF4-9F59-50BCF215CB03}.Release|Any CPU.Build.0 = Release|Any CPU
		{80056988-44E7-4EF4-9F59-50BCF215CB03}.Release|ARM.ActiveCfg = Release|Any CPU
		{80056988-44E7-4EF4-9F59-50BCF215CB03}.Release|ARM.Build.0 = Release|Any CPU
		{80056988-44E7-4EF4-9F59-50BCF215CB03}.Release|x64.ActiveCfg = Release|Any CPU
		{80056988-44E7-4EF4-9F59-50BCF215CB03}.Release|x64.Build.0 = Release|Any CPU
		{80056988-44E7-4EF4-9F59-50BCF215CB03}.Release|x86.ActiveCfg = Release|Any CPU
		{80056988-44E7-4EF4-9F59-50BCF215CB03}.Release|x86.Build.0 = Release|Any CPU
		{5461B76E-68BA-41B0-95B5-184333834077}.Debug|Any CPU.ActiveCfg = Debug|x86
		{5461B76E-68BA-41B0-95B5-184333834077}.Debug|ARM.ActiveCfg = Debug|x86
		{5461B76E-68BA-41B0-95B5-184333834077}.Debug|x64.ActiveCfg = Debug|x86
		{5461B76E-68BA-41B0-95B5-184333834077}.Debug|x86.ActiveCfg = Debug|x86
		{5461B76E-68BA-41B0-95B5-184333834077}.Debug|x86.Build.0 = Debug|x86
		{5461B76E-68BA-41B0-95B5-184333834077}.Release|Any CPU.ActiveCfg = Release|x86
		{5461B76E-68BA-41B0-95B5-184333834077}.Release|ARM.ActiveCfg = Release|x86
		{5461B76E-68BA-41B0-95B5-184333834077}.Release|x64.ActiveCfg = Release|x86
		{5461B76E-68BA-41B0-95B5-184333834077}.Release|x86.ActiveCfg = Release|x86
		{5461B76E-68BA-41B0-95B5-184333834077}.Release|x86.Build.0 = Release|x86
	EndGlobalSection
	GlobalSection(SolutionProperties) = preSolution
		HideSolutionNode = FALSE
	EndGlobalSection
	GlobalSection(NestedProjects) = preSolution
		{CDA247BC-3031-4383-9DFD-E91B6D38AAA1} = {9C16DEED-6FF7-4B22-BC84-9DC0AC9C429A}
		{A0AED9F7-1A39-440B-BA72-4F44C1876871} = {9C16DEED-6FF7-4B22-BC84-9DC0AC9C429A}
		{821DE9ED-E6A7-4610-AAAC-C73A779C73BC} = {9C16DEED-6FF7-4B22-BC84-9DC0AC9C429A}
		{4DADA1C6-F974-4635-9FEF-3AF9A1BD2A47} = {9C16DEED-6FF7-4B22-BC84-9DC0AC9C429A}
		{A247D2EE-14FC-463D-A9BA-6CFF1EF22B7A} = {9C16DEED-6FF7-4B22-BC84-9DC0AC9C429A}
		{D8D0F7BC-BD73-4BE4-98E1-7ABDECAE4C50} = {9C16DEED-6FF7-4B22-BC84-9DC0AC9C429A}
		{80056988-44E7-4EF4-9F59-50BCF215CB03} = {9C16DEED-6FF7-4B22-BC84-9DC0AC9C429A}
	EndGlobalSection
	GlobalSection(ExtensibilityGlobals) = postSolution
		SolutionGuid = {74E91A59-4EFC-44D1-9769-25FE014E829A}
	EndGlobalSection
EndGlobal
